
Microsoft Visual Studio Solution File, Format Version 12.00
# Visual Studio 15
VisualStudioVersion = 15.0.27703.2000
MinimumVisualStudioVersion = 10.0.40219.1
Project("{FAE04EC0-301F-11D3-BF4B-00C04F79EFBC}") = "ProductionMaker", "ProductionMaker\ProductionMaker.csproj", "{892CACFF-D647-4EE5-B88E-4AF38CF59F44}"
EndProject
Global
	GlobalSection(SolutionConfigurationPlatforms) = preSolution
		Debug|Any CPU = Debug|Any CPU
		Release|Any CPU = Release|Any CPU
	EndGlobalSection
	GlobalSection(ProjectConfigurationPlatforms) = postSolution
		{892CACFF-D647-4EE5-B88E-4AF38CF59F44}.Debug|Any CPU.ActiveCfg = Debug|Any CPU
		{892CACFF-D647-4EE5-B88E-4AF38CF59F44}.Debug|Any CPU.Build.0 = Debug|Any CPU
		{892CACFF-D647-4EE5-B88E-4AF38CF59F44}.Release|Any CPU.ActiveCfg = Release|Any CPU
		{892CACFF-D647-4EE5-B88E-4AF38CF59F44}.Release|Any CPU.Build.0 = Release|Any CPU
	EndGlobalSection
	GlobalSection(SolutionProperties) = preSolution
		HideSolutionNode = FALSE
	EndGlobalSection
	GlobalSection(ExtensibilityGlobals) = postSolution
		SolutionGuid = {6D796CB3-4346-4F5C-97C9-510B0FCB4248}
	EndGlobalSection
EndGlobal
